
Microsoft Visual Studio Solution File, Format Version 12.00
# Visual Studio Version 16
VisualStudioVersion = 16.0.29509.3
MinimumVisualStudioVersion = 10.0.40219.1
Project("{FAE04EC0-301F-11D3-BF4B-00C04F79EFBC}") = "aboutDataset", "aboutDataset\aboutDataset.csproj", "{5CB3D253-E099-4265-9DD8-11EF16CD86A1}"
EndProject
Global
	GlobalSection(SolutionConfigurationPlatforms) = preSolution
		Debug|Any CPU = Debug|Any CPU
		Release|Any CPU = Release|Any CPU
	EndGlobalSection
	GlobalSection(ProjectConfigurationPlatforms) = postSolution
		{5CB3D253-E099-4265-9DD8-11EF16CD86A1}.Debug|Any CPU.ActiveCfg = Debug|Any CPU
		{5CB3D253-E099-4265-9DD8-11EF16CD86A1}.Debug|Any CPU.Build.0 = Debug|Any CPU
		{5CB3D253-E099-4265-9DD8-11EF16CD86A1}.Release|Any CPU.ActiveCfg = Release|Any CPU
		{5CB3D253-E099-4265-9DD8-11EF16CD86A1}.Release|Any CPU.Build.0 = Release|Any CPU
	EndGlobalSection
	GlobalSection(SolutionProperties) = preSolution
		HideSolutionNode = FALSE
	EndGlobalSection
	GlobalSection(ExtensibilityGlobals) = postSolution
		SolutionGuid = {4E768BF7-1305-4B41-9777-6FE370858E34}
	EndGlobalSection
EndGlobal
